
Microsoft Visual Studio Solution File, Format Version 12.00
# Visual Studio Version 16
VisualStudioVersion = 16.0.29306.81
MinimumVisualStudioVersion = 10.0.40219.1
Project("{FAE04EC0-301F-11D3-BF4B-00C04F79EFBC}") = "WeatherStatisticApp", "WeatherStatisticApp\WeatherStatisticApp.csproj", "{CF732DCB-4B11-44A8-A24A-7BFA91B8BAB7}"
EndProject
Global
	GlobalSection(SolutionConfigurationPlatforms) = preSolution
		Debug|Any CPU = Debug|Any CPU
		Release|Any CPU = Release|Any CPU
	EndGlobalSection
	GlobalSection(ProjectConfigurationPlatforms) = postSolution
		{CF732DCB-4B11-44A8-A24A-7BFA91B8BAB7}.Debug|Any CPU.ActiveCfg = Debug|Any CPU
		{CF732DCB-4B11-44A8-A24A-7BFA91B8BAB7}.Debug|Any CPU.Build.0 = Debug|Any CPU
		{CF732DCB-4B11-44A8-A24A-7BFA91B8BAB7}.Release|Any CPU.ActiveCfg = Release|Any CPU
		{CF732DCB-4B11-44A8-A24A-7BFA91B8BAB7}.Release|Any CPU.Build.0 = Release|Any CPU
	EndGlobalSection
	GlobalSection(SolutionProperties) = preSolution
		HideSolutionNode = FALSE
	EndGlobalSection
	GlobalSection(ExtensibilityGlobals) = postSolution
		SolutionGuid = {A5017F46-F0EB-4E43-808F-874F4F653285}
	EndGlobalSection
EndGlobal
